// !$*UTF8*$!
{
	archiveVersion = 1;
	classes = {
	};
	objectVersion = 77;
	objects = {

/* Begin PBXBuildFile section */
		2AF79AD12E4C66F60004946A /* Assets.xcassets in Resources */ = {isa = PBXBuildFile; fileRef = 2AF79ACD2E4C66F60004946A /* Assets.xcassets */; };
		2AF79AD22E4C66F60004946A /* ContentView.swift in Sources */ = {isa = PBXBuildFile; fileRef = 2AF79ACE2E4C66F60004946A /* ContentView.swift */; };
		2AF79AD32E4C66F60004946A /* CustomTextFieldApp.swift in Sources */ = {isa = PBXBuildFile; fileRef = 2AF79ACF2E4C66F60004946A /* CustomTextFieldApp.swift */; };
		2AF79ADB2E4C66F70004946A /* CustomTextFieldTests.swift in Sources */ = {isa = PBXBuildFile; fileRef = 2AF79AD92E4C66F70004946A /* CustomTextFieldTests.swift */; };
		2AF79ADE2E4C67180004946A /* FloatingBorderTextField in Frameworks */ = {isa = PBXBuildFile; productRef = 2AF79ADD2E4C67180004946A /* FloatingBorderTextField */; };
/* End PBXBuildFile section */

/* Begin PBXContainerItemProxy section */
		2AF79AB12E4C66E20004946A /* PBXContainerItemProxy */ = {
			isa = PBXContainerItemProxy;
			containerPortal = 2AF79A9B2E4C66DF0004946A /* Project object */;
			proxyType = 1;
			remoteGlobalIDString = 2AF79AA22E4C66DF0004946A;
			remoteInfo = CustomTextField;
		};
/* End PBXContainerItemProxy section */

/* Begin PBXFileReference section */
		2AF79AA32E4C66DF0004946A /* CustomTextField.app */ = {isa = PBXFileReference; explicitFileType = wrapper.application; includeInIndex = 0; path = CustomTextField.app; sourceTree = BUILT_PRODUCTS_DIR; };
		2AF79AB02E4C66E20004946A /* CustomTextFieldTests.xctest */ = {isa = PBXFileReference; explicitFileType = wrapper.cfbundle; includeInIndex = 0; path = CustomTextFieldTests.xctest; sourceTree = BUILT_PRODUCTS_DIR; };
		2AF79ACD2E4C66F60004946A /* Assets.xcassets */ = {isa = PBXFileReference; lastKnownFileType = folder.assetcatalog; path = Assets.xcassets; sourceTree = "<group>"; };
		2AF79ACE2E4C66F60004946A /* ContentView.swift */ = {isa = PBXFileReference; lastKnownFileType = sourcecode.swift; path = ContentView.swift; sourceTree = "<group>"; };
		2AF79ACF2E4C66F60004946A /* CustomTextFieldApp.swift */ = {isa = PBXFileReference; lastKnownFileType = sourcecode.swift; path = CustomTextFieldApp.swift; sourceTree = "<group>"; };
		2AF79AD92E4C66F70004946A /* CustomTextFieldTests.swift */ = {isa = PBXFileReference; lastKnownFileType = sourcecode.swift; path = CustomTextFieldTests.swift; sourceTree = "<group>"; };
/* End PBXFileReference section */

/* Begin PBXFrameworksBuildPhase section */
		2AF79AA02E4C66DF0004946A /* Frameworks */ = {
			isa = PBXFrameworksBuildPhase;
			buildActionMask = 2147483647;
			files = (
				2AF79ADE2E4C67180004946A /* FloatingBorderTextField in Frameworks */,
			);
			runOnlyForDeploymentPostprocessing = 0;
		};
		2AF79AAD2E4C66E20004946A /* Frameworks */ = {
			isa = PBXFrameworksBuildPhase;
			buildActionMask = 2147483647;
			files = (
			);
			runOnlyForDeploymentPostprocessing = 0;
		};
/* End PBXFrameworksBuildPhase section */

/* Begin PBXGroup section */
		2AF79A9A2E4C66DF0004946A = {
			isa = PBXGroup;
			children = (
				2AF79AD02E4C66F60004946A /* CustomTextField */,
				2AF79ADA2E4C66F70004946A /* CustomTextFieldTests */,
				2AF79AA42E4C66DF0004946A /* Products */,
			);
			sourceTree = "<group>";
		};
		2AF79AA42E4C66DF0004946A /* Products */ = {
			isa = PBXGroup;
			children = (
				2AF79AA32E4C66DF0004946A /* CustomTextField.app */,
				2AF79AB02E4C66E20004946A /* CustomTextFieldTests.xctest */,
			);
			name = Products;
			sourceTree = "<group>";
		};
		2AF79AD02E4C66F60004946A /* CustomTextField */ = {
			isa = PBXGroup;
			children = (
				2AF79ACD2E4C66F60004946A /* Assets.xcassets */,
				2AF79ACE2E4C66F60004946A /* ContentView.swift */,
				2AF79ACF2E4C66F60004946A /* CustomTextFieldApp.swift */,
			);
			path = CustomTextField;
			sourceTree = "<group>";
		};
		2AF79ADA2E4C66F70004946A /* CustomTextFieldTests */ = {
			isa = PBXGroup;
			children = (
				2AF79AD92E4C66F70004946A /* CustomTextFieldTests.swift */,
			);
			path = CustomTextFieldTests;
			sourceTree = "<group>";
		};
/* End PBXGroup section */

/* Begin PBXNativeTarget section */
		2AF79AA22E4C66DF0004946A /* CustomTextField */ = {
			isa = PBXNativeTarget;
			buildConfigurationList = 2AF79AC42E4C66E20004946A /* Build configuration list for PBXNativeTarget "CustomTextField" */;
			buildPhases = (
				2AF79A9F2E4C66DF0004946A /* Sources */,
				2AF79AA02E4C66DF0004946A /* Frameworks */,
				2AF79AA12E4C66DF0004946A /* Resources */,
			);
			buildRules = (
			);
			dependencies = (
			);
			name = CustomTextField;
			packageProductDependencies = (
				2AF79ADD2E4C67180004946A /* FloatingBorderTextField */,
			);
			productName = CustomTextField;
			productReference = 2AF79AA32E4C66DF0004946A /* CustomTextField.app */;
			productType = "com.apple.product-type.application";
		};
		2AF79AAF2E4C66E20004946A /* CustomTextFieldTests */ = {
			isa = PBXNativeTarget;
			buildConfigurationList = 2AF79AC72E4C66E20004946A /* Build configuration list for PBXNativeTarget "CustomTextFieldTests" */;
			buildPhases = (
				2AF79AAC2E4C66E20004946A /* Sources */,
				2AF79AAD2E4C66E20004946A /* Frameworks */,
				2AF79AAE2E4C66E20004946A /* Resources */,
			);
			buildRules = (
			);
			dependencies = (
				2AF79AB22E4C66E20004946A /* PBXTargetDependency */,
			);
			name = CustomTextFieldTests;
			packageProductDependencies = (
			);
			productName = CustomTextFieldTests;
			productReference = 2AF79AB02E4C66E20004946A /* CustomTextFieldTests.xctest */;
			productType = "com.apple.product-type.bundle.unit-test";
		};
/* End PBXNativeTarget section */

/* Begin PBXProject section */
		2AF79A9B2E4C66DF0004946A /* Project object */ = {
			isa = PBXProject;
			attributes = {
				BuildIndependentTargetsInParallel = 1;
				LastSwiftUpdateCheck = 1640;
				LastUpgradeCheck = 1640;
				TargetAttributes = {
					2AF79AA22E4C66DF0004946A = {
						CreatedOnToolsVersion = 16.4;
					};
					2AF79AAF2E4C66E20004946A = {
						CreatedOnToolsVersion = 16.4;
						TestTargetID = 2AF79AA22E4C66DF0004946A;
					};
				};
			};
			buildConfigurationList = 2AF79A9E2E4C66DF0004946A /* Build configuration list for PBXProject "CustomTextField" */;
			developmentRegion = en;
			hasScannedForEncodings = 0;
			knownRegions = (
				en,
				Base,
			);
			mainGroup = 2AF79A9A2E4C66DF0004946A;
			minimizedProjectReferenceProxies = 1;
			packageReferences = (
				2AF79ADC2E4C67180004946A /* XCLocalSwiftPackageReference "../../CustomFloatingLabelTextField" */,
			);
			preferredProjectObjectVersion = 77;
			productRefGroup = 2AF79AA42E4C66DF0004946A /* Products */;
			projectDirPath = "";
			projectRoot = "";
			targets = (
				2AF79AA22E4C66DF0004946A /* CustomTextField */,
				2AF79AAF2E4C66E20004946A /* CustomTextFieldTests */,
			);
		};
/* End PBXProject section */

/* Begin PBXResourcesBuildPhase section */
		2AF79AA12E4C66DF0004946A /* Resources */ = {
			isa = PBXResourcesBuildPhase;
			buildActionMask = 2147483647;
			files = (
				2AF79AD12E4C66F60004946A /* Assets.xcassets in Resources */,
			);
			runOnlyForDeploymentPostprocessing = 0;
		};
		2AF79AAE2E4C66E20004946A /* Resources */ = {
			isa = PBXResourcesBuildPhase;
			buildActionMask = 2147483647;
			files = (
			);
			runOnlyForDeploymentPostprocessing = 0;
		};
/* End PBXResourcesBuildPhase section */

/* Begin PBXSourcesBuildPhase section */
		2AF79A9F2E4C66DF0004946A /* Sources */ = {
			isa = PBXSourcesBuildPhase;
			buildActionMask = 2147483647;
			files = (
				2AF79AD22E4C66F60004946A /* ContentView.swift in Sources */,
				2AF79AD32E4C66F60004946A /* CustomTextFieldApp.swift in Sources */,
			);
			runOnlyForDeploymentPostprocessing = 0;
		};
		2AF79AAC2E4C66E20004946A /* Sources */ = {
			isa = PBXSourcesBuildPhase;
			buildActionMask = 2147483647;
			files = (
				2AF79ADB2E4C66F70004946A /* CustomTextFieldTests.swift in Sources */,
			);
			runOnlyForDeploymentPostprocessing = 0;
		};
/* End PBXSourcesBuildPhase section */

/* Begin PBXTargetDependency section */
		2AF79AB22E4C66E20004946A /* PBXTargetDependency */ = {
			isa = PBXTargetDependency;
			target = 2AF79AA22E4C66DF0004946A /* CustomTextField */;
			targetProxy = 2AF79AB12E4C66E20004946A /* PBXContainerItemProxy */;
		};
/* End PBXTargetDependency section */

/* Begin XCBuildConfiguration section */
		2AF79AC22E4C66E20004946A /* Debug */ = {
			isa = XCBuildConfiguration;
			buildSettings = {
				ALWAYS_SEARCH_USER_PATHS = NO;
				ASSETCATALOG_COMPILER_GENERATE_SWIFT_ASSET_SYMBOL_EXTENSIONS = YES;
				CLANG_ANALYZER_NONNULL = YES;
				CLANG_ANALYZER_NUMBER_OBJECT_CONVERSION = YES_AGGRESSIVE;
				CLANG_CXX_LANGUAGE_STANDARD = "gnu++20";
				CLANG_ENABLE_MODULES = YES;
				CLANG_ENABLE_OBJC_ARC = YES;
				CLANG_ENABLE_OBJC_WEAK = YES;
				CLANG_WARN_BLOCK_CAPTURE_AUTORELEASING = YES;
				CLANG_WARN_BOOL_CONVERSION = YES;
				CLANG_WARN_COMMA = YES;
				CLANG_WARN_CONSTANT_CONVERSION = YES;
				CLANG_WARN_DEPRECATED_OBJC_IMPLEMENTATIONS = YES;
				CLANG_WARN_DIRECT_OBJC_ISA_USAGE = YES_ERROR;
				CLANG_WARN_DOCUMENTATION_COMMENTS = YES;
				CLANG_WARN_EMPTY_BODY = YES;
				CLANG_WARN_ENUM_CONVERSION = YES;
				CLANG_WARN_INFINITE_RECURSION = YES;
				CLANG_WARN_INT_CONVERSION = YES;
				CLANG_WARN_NON_LITERAL_NULL_CONVERSION = YES;
				CLANG_WARN_OBJC_IMPLICIT_RETAIN_SELF = YES;
				CLANG_WARN_OBJC_LITERAL_CONVERSION = YES;
				CLANG_WARN_OBJC_ROOT_CLASS = YES_ERROR;
				CLANG_WARN_QUOTED_INCLUDE_IN_FRAMEWORK_HEADER = YES;
				CLANG_WARN_RANGE_LOOP_ANALYSIS = YES;
				CLANG_WARN_STRICT_PROTOTYPES = YES;
				CLANG_WARN_SUSPICIOUS_MOVE = YES;
				CLANG_WARN_UNGUARDED_AVAILABILITY = YES_AGGRESSIVE;
				CLANG_WARN_UNREACHABLE_CODE = YES;
				CLANG_WARN__DUPLICATE_METHOD_MATCH = YES;
				COPY_PHASE_STRIP = NO;
				DEBUG_INFORMATION_FORMAT = dwarf;
				DEVELOPMENT_TEAM = 47Y9J6HP26;
				ENABLE_STRICT_OBJC_MSGSEND = YES;
				ENABLE_TESTABILITY = YES;
				ENABLE_USER_SCRIPT_SANDBOXING = YES;
				GCC_C_LANGUAGE_STANDARD = gnu17;
				GCC_DYNAMIC_NO_PIC = NO;
				GCC_NO_COMMON_BLOCKS = YES;
				GCC_OPTIMIZATION_LEVEL = 0;
				GCC_PREPROCESSOR_DEFINITIONS = (
					"DEBUG=1",
					"$(inherited)",
				);
				GCC_WARN_64_TO_32_BIT_CONVERSION = YES;
				GCC_WARN_ABOUT_RETURN_TYPE = YES_ERROR;
				GCC_WARN_UNDECLARED_SELECTOR = YES;
				GCC_WARN_UNINITIALIZED_AUTOS = YES_AGGRESSIVE;
				GCC_WARN_UNUSED_FUNCTION = YES;
				GCC_WARN_UNUSED_VARIABLE = YES;
				IPHONEOS_DEPLOYMENT_TARGET = 18.5;
				LOCALIZATION_PREFERS_STRING_CATALOGS = YES;
				MTL_ENABLE_DEBUG_INFO = INCLUDE_SOURCE;
				MTL_FAST_MATH = YES;
				ONLY_ACTIVE_ARCH = YES;
				SDKROOT = iphoneos;
				SWIFT_ACTIVE_COMPILATION_CONDITIONS = "DEBUG $(inherited)";
				SWIFT_OPTIMIZATION_LEVEL = "-Onone";
			};
			name = Debug;
		};
		2AF79AC32E4C66E20004946A /* Release */ = {
			isa = XCBuildConfiguration;
			buildSettings = {
				ALWAYS_SEARCH_USER_PATHS = NO;
				ASSETCATALOG_COMPILER_GENERATE_SWIFT_ASSET_SYMBOL_EXTENSIONS = YES;
				CLANG_ANALYZER_NONNULL = YES;
				CLANG_ANALYZER_NUMBER_OBJECT_CONVERSION = YES_AGGRESSIVE;
				CLANG_CXX_LANGUAGE_STANDARD = "gnu++20";
				CLANG_ENABLE_MODULES = YES;
				CLANG_ENABLE_OBJC_ARC = YES;
				CLANG_ENABLE_OBJC_WEAK = YES;
				CLANG_WARN_BLOCK_CAPTURE_AUTORELEASING = YES;
				CLANG_WARN_BOOL_CONVERSION = YES;
				CLANG_WARN_COMMA = YES;
				CLANG_WARN_CONSTANT_CONVERSION = YES;
				CLANG_WARN_DEPRECATED_OBJC_IMPLEMENTATIONS = YES;
				CLANG_WARN_DIRECT_OBJC_ISA_USAGE = YES_ERROR;
				CLANG_WARN_DOCUMENTATION_COMMENTS = YES;
				CLANG_WARN_EMPTY_BODY = YES;
				CLANG_WARN_ENUM_CONVERSION = YES;
				CLANG_WARN_INFINITE_RECURSION = YES;
				CLANG_WARN_INT_CONVERSION = YES;
				CLANG_WARN_NON_LITERAL_NULL_CONVERSION = YES;
				CLANG_WARN_OBJC_IMPLICIT_RETAIN_SELF = YES;
				CLANG_WARN_OBJC_LITERAL_CONVERSION = YES;
				CLANG_WARN_OBJC_ROOT_CLASS = YES_ERROR;
				CLANG_WARN_QUOTED_INCLUDE_IN_FRAMEWORK_HEADER = YES;
				CLANG_WARN_RANGE_LOOP_ANALYSIS = YES;
				CLANG_WARN_STRICT_PROTOTYPES = YES;
				CLANG_WARN_SUSPICIOUS_MOVE = YES;
				CLANG_WARN_UNGUARDED_AVAILABILITY = YES_AGGRESSIVE;
				CLANG_WARN_UNREACHABLE_CODE = YES;
				CLANG_WARN__DUPLICATE_METHOD_MATCH = YES;
				COPY_PHASE_STRIP = NO;
				DEBUG_INFORMATION_FORMAT = "dwarf-with-dsym";
				DEVELOPMENT_TEAM = 47Y9J6HP26;
				ENABLE_NS_ASSERTIONS = NO;
				ENABLE_STRICT_OBJC_MSGSEND = YES;
				ENABLE_USER_SCRIPT_SANDBOXING = YES;
				GCC_C_LANGUAGE_STANDARD = gnu17;
				GCC_NO_COMMON_BLOCKS = YES;
				GCC_WARN_64_TO_32_BIT_CONVERSION = YES;
				GCC_WARN_ABOUT_RETURN_TYPE = YES_ERROR;
				GCC_WARN_UNDECLARED_SELECTOR = YES;
				GCC_WARN_UNINITIALIZED_AUTOS = YES_AGGRESSIVE;
				GCC_WARN_UNUSED_FUNCTION = YES;
				GCC_WARN_UNUSED_VARIABLE = YES;
				IPHONEOS_DEPLOYMENT_TARGET = 18.5;
				LOCALIZATION_PREFERS_STRING_CATALOGS = YES;
				MTL_ENABLE_DEBUG_INFO = NO;
				MTL_FAST_MATH = YES;
				SDKROOT = iphoneos;
				SWIFT_COMPILATION_MODE = wholemodule;
				VALIDATE_PRODUCT = YES;
			};
			name = Release;
		};
		2AF79AC52E4C66E20004946A /* Debug */ = {
			isa = XCBuildConfiguration;
			buildSettings = {
				ASSETCATALOG_COMPILER_APPICON_NAME = AppIcon;
				ASSETCATALOG_COMPILER_GLOBAL_ACCENT_COLOR_NAME = AccentColor;
				CODE_SIGN_STYLE = Automatic;
				CURRENT_PROJECT_VERSION = 1;
				DEVELOPMENT_TEAM = 47Y9J6HP26;
				ENABLE_PREVIEWS = YES;
				GENERATE_INFOPLIST_FILE = YES;
				INFOPLIST_KEY_UIApplicationSceneManifest_Generation = YES;
				INFOPLIST_KEY_UIApplicationSupportsIndirectInputEvents = YES;
				INFOPLIST_KEY_UILaunchScreen_Generation = YES;
				INFOPLIST_KEY_UISupportedInterfaceOrientations_iPad = "UIInterfaceOrientationPortrait UIInterfaceOrientationPortraitUpsideDown UIInterfaceOrientationLandscapeLeft UIInterfaceOrientationLandscapeRight";
				INFOPLIST_KEY_UISupportedInterfaceOrientations_iPhone = "UIInterfaceOrientationPortrait UIInterfaceOrientationLandscapeLeft UIInterfaceOrientationLandscapeRight";
				LD_RUNPATH_SEARCH_PATHS = (
					"$(inherited)",
					"@executable_path/Frameworks",
				);
				MARKETING_VERSION = 1.0;
				PRODUCT_BUNDLE_IDENTIFIER = Ibrahim.Gedami.com.CustomTextField;
				PRODUCT_NAME = "$(TARGET_NAME)";
				SWIFT_EMIT_LOC_STRINGS = YES;
				SWIFT_VERSION = 5.0;
				TARGETED_DEVICE_FAMILY = "1,2";
			};
			name = Debug;
		};
		2AF79AC62E4C66E20004946A /* Release */ = {
			isa = XCBuildConfiguration;
			buildSettings = {
				ASSETCATALOG_COMPILER_APPICON_NAME = AppIcon;
				ASSETCATALOG_COMPILER_GLOBAL_ACCENT_COLOR_NAME = AccentColor;
				CODE_SIGN_STYLE = Automatic;
				CURRENT_PROJECT_VERSION = 1;
				DEVELOPMENT_TEAM = 47Y9J6HP26;
				ENABLE_PREVIEWS = YES;
				GENERATE_INFOPLIST_FILE = YES;
				INFOPLIST_KEY_UIApplicationSceneManifest_Generation = YES;
				INFOPLIST_KEY_UIApplicationSupportsIndirectInputEvents = YES;
				INFOPLIST_KEY_UILaunchScreen_Generation = YES;
				INFOPLIST_KEY_UISupportedInterfaceOrientations_iPad = "UIInterfaceOrientationPortrait UIInterfaceOrientationPortraitUpsideDown UIInterfaceOrientationLandscapeLeft UIInterfaceOrientationLandscapeRight";
				INFOPLIST_KEY_UISupportedInterfaceOrientations_iPhone = "UIInterfaceOrientationPortrait UIInterfaceOrientationLandscapeLeft UIInterfaceOrientationLandscapeRight";
				LD_RUNPATH_SEARCH_PATHS = (
					"$(inherited)",
					"@executable_path/Frameworks",
				);
				MARKETING_VERSION = 1.0;
				PRODUCT_BUNDLE_IDENTIFIER = Ibrahim.Gedami.com.CustomTextField;
				PRODUCT_NAME = "$(TARGET_NAME)";
				SWIFT_EMIT_LOC_STRINGS = YES;
				SWIFT_VERSION = 5.0;
				TARGETED_DEVICE_FAMILY = "1,2";
			};
			name = Release;
		};
		2AF79AC82E4C66E20004946A /* Debug */ = {
			isa = XCBuildConfiguration;
			buildSettings = {
				BUNDLE_LOADER = "$(TEST_HOST)";
				CODE_SIGN_STYLE = Automatic;
				CURRENT_PROJECT_VERSION = 1;
				DEVELOPMENT_TEAM = 47Y9J6HP26;
				GENERATE_INFOPLIST_FILE = YES;
				IPHONEOS_DEPLOYMENT_TARGET = 18.5;
				MARKETING_VERSION = 1.0;
				PRODUCT_BUNDLE_IDENTIFIER = Ibrahim.Gedami.com.CustomTextFieldTests;
				PRODUCT_NAME = "$(TARGET_NAME)";
				SWIFT_EMIT_LOC_STRINGS = NO;
				SWIFT_VERSION = 5.0;
				TARGETED_DEVICE_FAMILY = "1,2";
				TEST_HOST = "$(BUILT_PRODUCTS_DIR)/CustomTextField.app/$(BUNDLE_EXECUTABLE_FOLDER_PATH)/CustomTextField";
			};
			name = Debug;
		};
		2AF79AC92E4C66E20004946A /* Release */ = {
			isa = XCBuildConfiguration;
			buildSettings = {
				BUNDLE_LOADER = "$(TEST_HOST)";
				CODE_SIGN_STYLE = Automatic;
				CURRENT_PROJECT_VERSION = 1;
				DEVELOPMENT_TEAM = 47Y9J6HP26;
				GENERATE_INFOPLIST_FILE = YES;
				IPHONEOS_DEPLOYMENT_TARGET = 18.5;
				MARKETING_VERSION = 1.0;
				PRODUCT_BUNDLE_IDENTIFIER = Ibrahim.Gedami.com.CustomTextFieldTests;
				PRODUCT_NAME = "$(TARGET_NAME)";
				SWIFT_EMIT_LOC_STRINGS = NO;
				SWIFT_VERSION = 5.0;
				TARGETED_DEVICE_FAMILY = "1,2";
				TEST_HOST = "$(BUILT_PRODUCTS_DIR)/CustomTextField.app/$(BUNDLE_EXECUTABLE_FOLDER_PATH)/CustomTextField";
			};
			name = Release;
		};
/* End XCBuildConfiguration section */

/* Begin XCConfigurationList section */
		2AF79A9E2E4C66DF0004946A /* Build configuration list for PBXProject "CustomTextField" */ = {
			isa = XCConfigurationList;
			buildConfigurations = (
				2AF79AC22E4C66E20004946A /* Debug */,
				2AF79AC32E4C66E20004946A /* Release */,
			);
			defaultConfigurationIsVisible = 0;
			defaultConfigurationName = Release;
		};
		2AF79AC42E4C66E20004946A /* Build configuration list for PBXNativeTarget "CustomTextField" */ = {
			isa = XCConfigurationList;
			buildConfigurations = (
				2AF79AC52E4C66E20004946A /* Debug */,
				2AF79AC62E4C66E20004946A /* Release */,
			);
			defaultConfigurationIsVisible = 0;
			defaultConfigurationName = Release;
		};
		2AF79AC72E4C66E20004946A /* Build configuration list for PBXNativeTarget "CustomTextFieldTests" */ = {
			isa = XCConfigurationList;
			buildConfigurations = (
				2AF79AC82E4C66E20004946A /* Debug */,
				2AF79AC92E4C66E20004946A /* Release */,
			);
			defaultConfigurationIsVisible = 0;
			defaultConfigurationName = Release;
		};
/* End XCConfigurationList section */

/* Begin XCLocalSwiftPackageReference section */
		2AF79ADC2E4C67180004946A /* XCLocalSwiftPackageReference "../../CustomFloatingLabelTextField" */ = {
			isa = XCLocalSwiftPackageReference;
			relativePath = ../../CustomFloatingLabelTextField;
		};
/* End XCLocalSwiftPackageReference section */

/* Begin XCSwiftPackageProductDependency section */
		2AF79ADD2E4C67180004946A /* FloatingBorderTextField */ = {
			isa = XCSwiftPackageProductDependency;
			productName = FloatingBorderTextField;
		};
/* End XCSwiftPackageProductDependency section */
	};
	rootObject = 2AF79A9B2E4C66DF0004946A /* Project object */;
}
